<?xml version="1.0" encoding="UTF-8" standalone="yes" ?>
<CodeBlocks_project_file>
	<FileVersion major="1" minor="6" />
	<Project>
		<Option title="ioc" />
		<Option makefile_is_custom="1" />
		<Option pch_mode="2" />
		<Option compiler="gcc" />
		<Build>
			<Target title="Release">
				<Option output="bin/Release/libioc" prefix_auto="1" extension_auto="1" />
				<Option object_output="obj/Release/" />
				<Option type="3" />
				<Option compiler="gcc" />
				<Option createDefFile="1" />
				<Option createStaticLib="1" />
				<Compiler>
					<Add option="-O2" />
				</Compiler>
				<Linker>
					<Add option="-s" />
				</Linker>
			</Target>
		</Build>
		<Compiler>
			<Add option="-Wall" />
			<Add option="-fexceptions" />
		</Compiler>
		<Unit filename="Makefile" />
		<Unit filename="MsgReplyHandler.cxx" />
		<Unit filename="MsgReplyHandler.hxx" />
		<Unit filename="SAFplusMsgServer/NodeConfig.cxx" />
		<Unit filename="SAFplusMsgServer/NodeConfig.hxx" />
		<Unit filename="SAFplusMsgServer/Nodes.cxx" />
		<Unit filename="SAFplusMsgServer/Nodes.hxx" />
		<Unit filename="SAFplusMsgServer/Protocol.cxx" />
		<Unit filename="SAFplusMsgServer/Protocol.hxx" />
		<Unit filename="SAFplusMsgServer/SAFplusMsg.cxx" />
		<Unit filename="SAFplusMsgServer/SAFplusMsg.hxx" />
		<Unit filename="SAFplusMsgServer/SAFplusMsgServerCommon.hxx" />
		<Unit filename="SAFplusMsgServer/Xport.cxx" />
		<Unit filename="SAFplusMsgServer/Xport.hxx" />
		<Unit filename="SAFplusMsgServer/XportConfig.cxx" />
		<Unit filename="SAFplusMsgServer/XportConfig.hxx" />
		<Unit filename="SAFplusMsgServer/Xports.cxx" />
		<Unit filename="SAFplusMsgServer/Xports.hxx" />
		<Unit filename="check_inotify.sh" />
		<Unit filename="check_sctp.sh" />
		<Unit filename="clAppEvent.cxx" />
		<Unit filename="clAppEvent.hxx" />
		<Unit filename="clMsgHandler.cxx" />
		<Unit filename="clMsgServer.cxx" />
		<Unit filename="clSafplusMsgServer.cxx" />
		<Unit filename="objectMessager.cxx" />
		<Extensions>
			<code_completion />
			<envvars />
			<debugger />
		</Extensions>
	</Project>
</CodeBlocks_project_file>
